PODS:
  - Brick (2.0.5):
    - Tailor (~> 2.0)
  - Cache (2.2.2):
    - CryptoSwift
  - Compass (4.1.0)
  - CryptoSwift (0.6.0)
  - Fakery (2.0.0)
  - Hue (2.0.1)
  - Imaginary (1.0.2):
    - Cache (~> 2.0)
  - Spots (6.0.0):
    - Spots/Core (= 6.0.0)
  - Spots/Core (6.0.0):
    - Cache (~> 2.0)
    - CryptoSwift (= 0.6.0)
    - Tailor (~> 2.0)
  - Sugar (3.1.2)
  - Tailor (2.2.1)
  - Transition (0.1.0)

DEPENDENCIES:
  - Brick
  - Cache
  - Compass (~> 4.0)
  - CryptoSwift (= 0.6.0)
  - Fakery (= 2.0.0)
  - Hue (~> 2.0)
  - Imaginary (~> 1.0)
  - Spots (from `../../`)
  - Sugar (~> 3.0)
  - Tailor
  - Transition (from `https://github.com/hyperoslo/Transition`, branch `swift-3`)

EXTERNAL SOURCES:
  Spots:
    :path: "../../"
  Transition:
    :branch: swift-3
    :git: https://github.com/hyperoslo/Transition

CHECKOUT OPTIONS:
  Transition:
    :commit: 57174fa92a12e9ef5c5f88a88ef1889bb83e46f7
    :git: https://github.com/hyperoslo/Transition

SPEC CHECKSUMS:
  Brick: 08788c20c9b9aded5b9e89b8a8942c1b4933e91a
  Cache: b00196618af3facf17986fadda228cc77b5a5a10
  Compass: 9c30a3810cd150c2576df9ba85564030ba432f7f
  CryptoSwift: 4a599b7241b8d3b857d6e2c28867d0bd5d1aae24
  Fakery: 97b99c23937d2e025d9135c75e2b17351ccd5031
  Hue: 354caec055fdc9d38b5ef33ca2e7224721843baf
  Imaginary: b4f4c069ad23b53243058a040a531e099aee8a1f
  Spots: 4b6638e15a3c361a4de286e3eeebac44f6af9fe8
  Sugar: e2eb40928c2589bf55977e335a5bc183d09cce24
  Tailor: caabfebed676fab6e00c0c173e05294ccf89861e
  Transition: 66d86e3ae1b8f0b3d9ba2000c7a45fbc17b066f2

PODFILE CHECKSUM: 50d76a7888430a2cce90034f658653ec9b8882ba

COCOAPODS: 1.2.1
